// !$*UTF8*$!
{
	archiveVersion = 1;
	classes = {
	};
	objectVersion = 46;
	objects = {

/* Begin PBXBuildFile section */
		4339A1E41C00301000C862D3 /* AppDelegate.swift in Sources */ = {isa = PBXBuildFile; fileRef = 4339A1E31C00301000C862D3 /* AppDelegate.swift */; };
		4339A1E61C00301000C862D3 /* ViewController.swift in Sources */ = {isa = PBXBuildFile; fileRef = 4339A1E51C00301000C862D3 /* ViewController.swift */; };
		4339A1E91C00301000C862D3 /* Main.storyboard in Resources */ = {isa = PBXBuildFile; fileRef = 4339A1E71C00301000C862D3 /* Main.storyboard */; };
		4339A1EB1C00301000C862D3 /* Assets.xcassets in Resources */ = {isa = PBXBuildFile; fileRef = 4339A1EA1C00301000C862D3 /* Assets.xcassets */; };
		4339A1EE1C00301000C862D3 /* LaunchScreen.storyboard in Resources */ = {isa = PBXBuildFile; fileRef = 4339A1EC1C00301000C862D3 /* LaunchScreen.storyboard */; };
/* End PBXBuildFile section */

/* Begin PBXFileReference section */
		4339A1E01C00301000C862D3 /* Who is Zoom?.app */ = {isa = PBXFileReference; explicitFileType = wrapper.application; includeInIndex = 0; path = "Who is Zoom?.app"; sourceTree = BUILT_PRODUCTS_DIR; };
		4339A1E31C00301000C862D3 /* AppDelegate.swift */ = {isa = PBXFileReference; lastKnownFileType = sourcecode.swift; path = AppDelegate.swift; sourceTree = "<group>"; };
		4339A1E51C00301000C862D3 /* ViewController.swift */ = {isa = PBXFileReference; lastKnownFileType = sourcecode.swift; path = ViewController.swift; sourceTree = "<group>"; };
		4339A1E81C00301000C862D3 /* Base */ = {isa = PBXFileReference; lastKnownFileType = file.storyboard; name = Base; path = Base.lproj/Main.storyboard; sourceTree = "<group>"; };
		4339A1EA1C00301000C862D3 /* Assets.xcassets */ = {isa = PBXFileReference; lastKnownFileType = folder.assetcatalog; path = Assets.xcassets; sourceTree = "<group>"; };
		4339A1ED1C00301000C862D3 /* Base */ = {isa = PBXFileReference; lastKnownFileType = file.storyboard; name = Base; path = Base.lproj/LaunchScreen.storyboard; sourceTree = "<group>"; };
		4339A1EF1C00301000C862D3 /* Info.plist */ = {isa = PBXFileReference; lastKnownFileType = text.plist.xml; path = Info.plist; sourceTree = "<group>"; };
/* End PBXFileReference section */

/* Begin PBXFrameworksBuildPhase section */
		4339A1DD1C00301000C862D3 /* Frameworks */ = {
			isa = PBXFrameworksBuildPhase;
			buildActionMask = 2147483647;
			files = (
			);
			runOnlyForDeploymentPostprocessing = 0;
		};
/* End PBXFrameworksBuildPhase section */

/* Begin PBXGroup section */
		4339A1D71C00301000C862D3 = {
			isa = PBXGroup;
			children = (
				4339A1E21C00301000C862D3 /* Who is Zoom? */,
				4339A1E11C00301000C862D3 /* Products */,
			);
			sourceTree = "<group>";
		};
		4339A1E11C00301000C862D3 /* Products */ = {
			isa = PBXGroup;
			children = (
				4339A1E01C00301000C862D3 /* Who is Zoom?.app */,
			);
			name = Products;
			sourceTree = "<group>";
		};
		4339A1E21C00301000C862D3 /* Who is Zoom? */ = {
			isa = PBXGroup;
			children = (
				4339A1E31C00301000C862D3 /* AppDelegate.swift */,
				4339A1E51C00301000C862D3 /* ViewController.swift */,
				4339A1E71C00301000C862D3 /* Main.storyboard */,
				4339A1EA1C00301000C862D3 /* Assets.xcassets */,
				4339A1EC1C00301000C862D3 /* LaunchScreen.storyboard */,
				4339A1EF1C00301000C862D3 /* Info.plist */,
			);
			path = "Who is Zoom?";
			sourceTree = "<group>";
		};
/* End PBXGroup section */

/* Begin PBXNativeTarget section */
		4339A1DF1C00301000C862D3 /* Who is Zoom? */ = {
			isa = PBXNativeTarget;
			buildConfigurationList = 4339A1F21C00301000C862D3 /* Build configuration list for PBXNativeTarget "Who is Zoom?" */;
			buildPhases = (
				4339A1DC1C00301000C862D3 /* Sources */,
				4339A1DD1C00301000C862D3 /* Frameworks */,
				4339A1DE1C00301000C862D3 /* Resources */,
			);
			buildRules = (
			);
			dependencies = (
			);
			name = "Who is Zoom?";
			productName = "Who is Zoom?";
			productReference = 4339A1E01C00301000C862D3 /* Who is Zoom?.app */;
			productType = "com.apple.product-type.application";
		};
/* End PBXNativeTarget section */

/* Begin PBXProject section */
		4339A1D81C00301000C862D3 /* Project object */ = {
			isa = PBXProject;
			attributes = {
				LastSwiftUpdateCheck = 0710;
				LastUpgradeCheck = 0710;
				ORGANIZATIONNAME = "Tenner's Programs";
				TargetAttributes = {
					4339A1DF1C00301000C862D3 = {
						CreatedOnToolsVersion = 7.1.1;
					};
				};
			};
			buildConfigurationList = 4339A1DB1C00301000C862D3 /* Build configuration list for PBXProject "Who is Zoom?" */;
			compatibilityVersion = "Xcode 3.2";
			developmentRegion = English;
			hasScannedForEncodings = 0;
			knownRegions = (
				en,
				Base,
			);
			mainGroup = 4339A1D71C00301000C862D3;
			productRefGroup = 4339A1E11C00301000C862D3 /* Products */;
			projectDirPath = "";
			projectRoot = "";
			targets = (
				4339A1DF1C00301000C862D3 /* Who is Zoom? */,
			);
		};
/* End PBXProject section */

/* Begin PBXResourcesBuildPhase section */
		4339A1DE1C00301000C862D3 /* Resources */ = {
			isa = PBXResourcesBuildPhase;
			buildActionMask = 2147483647;
			files = (
				4339A1EE1C00301000C862D3 /* LaunchScreen.storyboard in Resources */,
				4339A1EB1C00301000C862D3 /* Assets.xcassets in Resources */,
				4339A1E91C00301000C862D3 /* Main.storyboard in Resources */,
			);
			runOnlyForDeploymentPostprocessing = 0;
		};
/* End PBXResourcesBuildPhase section */

/* Begin PBXSourcesBuildPhase section */
		4339A1DC1C00301000C862D3 /* Sources */ = {
			isa = PBXSourcesBuildPhase;
			buildActionMask = 2147483647;
			files = (
				4339A1E61C00301000C862D3 /* ViewController.swift in Sources */,
				4339A1E41C00301000C862D3 /* AppDelegate.swift in Sources */,
			);
			runOnlyForDeploymentPostprocessing = 0;
		};
/* End PBXSourcesBuildPhase section */

/* Begin PBXVariantGroup section */
		4339A1E71C00301000C862D3 /* Main.storyboard */ = {
			isa = PBXVariantGroup;
			children = (
				4339A1E81C00301000C862D3 /* Base */,
			);
			name = Main.storyboard;
			sourceTree = "<group>";
		};
		4339A1EC1C00301000C862D3 /* LaunchScreen.storyboard */ = {
			isa = PBXVariantGroup;
			children = (
				4339A1ED1C00301000C862D3 /* Base */,
			);
			name = LaunchScreen.storyboard;
			sourceTree = "<group>";
		};
/* End PBXVariantGroup section */

/* Begin XCBuildConfiguration section */
		4339A1F01C00301000C862D3 /* Debug */ = {
			isa = XCBuildConfiguration;
			buildSettings = {
				ALWAYS_SEARCH_USER_PATHS = NO;
				CLANG_CXX_LANGUAGE_STANDARD = "gnu++0x";
				CLANG_CXX_LIBRARY = "libc++";
				CLANG_ENABLE_MODULES = YES;
				CLANG_ENABLE_OBJC_ARC = YES;
				CLANG_WARN_BOOL_CONVERSION = YES;
				CLANG_WARN_CONSTANT_CONVERSION = YES;
				CLANG_WARN_DIRECT_OBJC_ISA_USAGE = YES_ERROR;
				CLANG_WARN_EMPTY_BODY = YES;
				CLANG_WARN_ENUM_CONVERSION = YES;
				CLANG_WARN_INT_CONVERSION = YES;
				CLANG_WARN_OBJC_ROOT_CLASS = YES_ERROR;
				CLANG_WARN_UNREACHABLE_CODE = YES;
				CLANG_WARN__DUPLICATE_METHOD_MATCH = YES;
				"CODE_SIGN_IDENTITY[sdk=iphoneos*]" = "iPhone Developer";
				COPY_PHASE_STRIP = NO;
				DEBUG_INFORMATION_FORMAT = dwarf;
				ENABLE_STRICT_OBJC_MSGSEND = YES;
				ENABLE_TESTABILITY = YES;
				GCC_C_LANGUAGE_STANDARD = gnu99;
				GCC_DYNAMIC_NO_PIC = NO;
				GCC_NO_COMMON_BLOCKS = YES;
				GCC_OPTIMIZATION_LEVEL = 0;
				GCC_PREPROCESSOR_DEFINITIONS = (
					"DEBUG=1",
					"$(inherited)",
				);
				GCC_WARN_64_TO_32_BIT_CONVERSION = YES;
				GCC_WARN_ABOUT_RETURN_TYPE = YES_ERROR;
				GCC_WARN_UNDECLARED_SELECTOR = YES;
				GCC_WARN_UNINITIALIZED_AUTOS = YES_AGGRESSIVE;
				GCC_WARN_UNUSED_FUNCTION = YES;
				GCC_WARN_UNUSED_VARIABLE = YES;
				IPHONEOS_DEPLOYMENT_TARGET = 9.1;
				MTL_ENABLE_DEBUG_INFO = YES;
				ONLY_ACTIVE_ARCH = YES;
				SDKROOT = iphoneos;
				SWIFT_OPTIMIZATION_LEVEL = "-Onone";
				TARGETED_DEVICE_FAMILY = 2;
			};
			name = Debug;
		};
		4339A1F11C00301000C862D3 /* Release */ = {
			isa = XCBuildConfiguration;
			buildSettings = {
				ALWAYS_SEARCH_USER_PATHS = NO;
				CLANG_CXX_LANGUAGE_STANDARD = "gnu++0x";
				CLANG_CXX_LIBRARY = "libc++";
				CLANG_ENABLE_MODULES = YES;
				CLANG_ENABLE_OBJC_ARC = YES;
				CLANG_WARN_BOOL_CONVERSION = YES;
				CLANG_WARN_CONSTANT_CONVERSION = YES;
				CLANG_WARN_DIRECT_OBJC_ISA_USAGE = YES_ERROR;
				CLANG_WARN_EMPTY_BODY = YES;
				CLANG_WARN_ENUM_CONVERSION = YES;
				CLANG_WARN_INT_CONVERSION = YES;
				CLANG_WARN_OBJC_ROOT_CLASS = YES_ERROR;
				CLANG_WARN_UNREACHABLE_CODE = YES;
				CLANG_WARN__DUPLICATE_METHOD_MATCH = YES;
				"CODE_SIGN_IDENTITY[sdk=iphoneos*]" = "iPhone Developer";
				COPY_PHASE_STRIP = NO;
				DEBUG_INFORMATION_FORMAT = "dwarf-with-dsym";
				ENABLE_NS_ASSERTIONS = NO;
				ENABLE_STRICT_OBJC_MSGSEND = YES;
				GCC_C_LANGUAGE_STANDARD = gnu99;
				GCC_NO_COMMON_BLOCKS = YES;
				GCC_WARN_64_TO_32_BIT_CONVERSION = YES;
				GCC_WARN_ABOUT_RETURN_TYPE = YES_ERROR;
				GCC_WARN_UNDECLARED_SELECTOR = YES;
				GCC_WARN_UNINITIALIZED_AUTOS = YES_AGGRESSIVE;
				GCC_WARN_UNUSED_FUNCTION = YES;
				GCC_WARN_UNUSED_VARIABLE = YES;
				IPHONEOS_DEPLOYMENT_TARGET = 9.1;
				MTL_ENABLE_DEBUG_INFO = NO;
				SDKROOT = iphoneos;
				TARGETED_DEVICE_FAMILY = 2;
				VALIDATE_PRODUCT = YES;
			};
			name = Release;
		};
		4339A1F31C00301000C862D3 /* Debug */ = {
			isa = XCBuildConfiguration;
			buildSettings = {
				ASSETCATALOG_COMPILER_APPICON_NAME = AppIcon;
				INFOPLIST_FILE = "Who is Zoom?/Info.plist";
				LD_RUNPATH_SEARCH_PATHS = "$(inherited) @executable_path/Frameworks";
				PRODUCT_BUNDLE_IDENTIFIER = "com.BionicCinema.Who-is-Zoom-";
				PRODUCT_NAME = "$(TARGET_NAME)";
			};
			name = Debug;
		};
		4339A1F41C00301000C862D3 /* Release */ = {
			isa = XCBuildConfiguration;
			buildSettings = {
				ASSETCATALOG_COMPILER_APPICON_NAME = AppIcon;
				INFOPLIST_FILE = "Who is Zoom?/Info.plist";
				LD_RUNPATH_SEARCH_PATHS = "$(inherited) @executable_path/Frameworks";
				PRODUCT_BUNDLE_IDENTIFIER = "com.BionicCinema.Who-is-Zoom-";
				PRODUCT_NAME = "$(TARGET_NAME)";
			};
			name = Release;
		};
/* End XCBuildConfiguration section */

/* Begin XCConfigurationList section */
		4339A1DB1C00301000C862D3 /* Build configuration list for PBXProject "Who is Zoom?" */ = {
			isa = XCConfigurationList;
			buildConfigurations = (
				4339A1F01C00301000C862D3 /* Debug */,
				4339A1F11C00301000C862D3 /* Release */,
			);
			defaultConfigurationIsVisible = 0;
			defaultConfigurationName = Release;
		};
		4339A1F21C00301000C862D3 /* Build configuration list for PBXNativeTarget "Who is Zoom?" */ = {
			isa = XCConfigurationList;
			buildConfigurations = (
				4339A1F31C00301000C862D3 /* Debug */,
				4339A1F41C00301000C862D3 /* Release */,
			);
			defaultConfigurationIsVisible = 0;
		};
/* End XCConfigurationList section */
	};
	rootObject = 4339A1D81C00301000C862D3 /* Project object */;
}
